
Microsoft Visual Studio Solution File, Format Version 12.00
# Visual Studio 2012
Project("{FAE04EC0-301F-11D3-BF4B-00C04F79EFBC}") = "DelegatesMultiCast", "DelegatesMultiCast\DelegatesMultiCast.csproj", "{9E39ED17-C463-4010-93F3-CE9D0BBE0926}"
EndProject
Global
	GlobalSection(SolutionConfigurationPlatforms) = preSolution
		Debug|Any CPU = Debug|Any CPU
		Release|Any CPU = Release|Any CPU
	EndGlobalSection
	GlobalSection(ProjectConfigurationPlatforms) = postSolution
		{9E39ED17-C463-4010-93F3-CE9D0BBE0926}.Debug|Any CPU.ActiveCfg = Debug|Any CPU
		{9E39ED17-C463-4010-93F3-CE9D0BBE0926}.Debug|Any CPU.Build.0 = Debug|Any CPU
		{9E39ED17-C463-4010-93F3-CE9D0BBE0926}.Release|Any CPU.ActiveCfg = Release|Any CPU
		{9E39ED17-C463-4010-93F3-CE9D0BBE0926}.Release|Any CPU.Build.0 = Release|Any CPU
	EndGlobalSection
	GlobalSection(SolutionProperties) = preSolution
		HideSolutionNode = FALSE
	EndGlobalSection
EndGlobal
